
Microsoft Visual Studio Solution File, Format Version 12.00
# Visual Studio 15
VisualStudioVersion = 15.0.26430.14
MinimumVisualStudioVersion = 10.0.40219.1
Project("{9A19103F-16F7-4668-BE54-9A1E7A4F7556}") = "Patterns.Decorator", "Pattern.Decorator\Patterns.Decorator.csproj", "{80DA5AB4-1769-41E8-AD86-D003073D2251}"
EndProject
Project("{9A19103F-16F7-4668-BE54-9A1E7A4F7556}") = "Patterns.Tests", "Patterns.Tests\Patterns.Tests.csproj", "{021B3408-F133-4D61-86BE-BE07C28D7322}"
EndProject
Project("{9A19103F-16F7-4668-BE54-9A1E7A4F7556}") = "Patterns.Runner", "Patters.Runner\Patterns.Runner.csproj", "{A7E0CD18-0B38-4699-9D80-F0667B6EB8A2}"
EndProject
Project("{9A19103F-16F7-4668-BE54-9A1E7A4F7556}") = "Patterns.Template", "Patterns.Template\Patterns.Template.csproj", "{0C7160AE-B24F-4AB9-841A-E8EF4CB43A8F}"
EndProject
Project("{2150E333-8FDC-42A3-9474-1A3956D46DE8}") = "Solution Items", "Solution Items", "{96277883-40E2-4D47-92E5-C5B246338FD5}"
	ProjectSection(SolutionItems) = preProject
		README.md = README.md
	EndProjectSection
EndProject
Project("{9A19103F-16F7-4668-BE54-9A1E7A4F7556}") = "Patterns.Singleton", "Patterns.Singleton\Patterns.Singleton.csproj", "{3123B294-BF38-4FE5-A98D-094102096D95}"
EndProject
Project("{9A19103F-16F7-4668-BE54-9A1E7A4F7556}") = "Patterns.Observer", "Patterns.Observer\Patterns.Observer.csproj", "{7DB56659-BBBF-4DBA-B2C5-F817F9A29522}"
EndProject
Project("{9A19103F-16F7-4668-BE54-9A1E7A4F7556}") = "Patterns.Common", "Patterns.Common\Patterns.Common.csproj", "{C3C9AB18-3EC4-438A-818B-5C8555AB97D8}"
EndProject
Project("{9A19103F-16F7-4668-BE54-9A1E7A4F7556}") = "Patterns.PublishSubscriber", "Patterns.PublishSubscriber\Patterns.PublishSubscriber.csproj", "{735F3A7B-CE97-4926-8262-C115F05B9CC0}"
EndProject
Project("{9A19103F-16F7-4668-BE54-9A1E7A4F7556}") = "Patterns.Factory", "Patterns.Factory\Patterns.Factory.csproj", "{8642888E-0B0A-473E-BFF3-8C35C3C407E4}"
EndProject
Project("{9A19103F-16F7-4668-BE54-9A1E7A4F7556}") = "Patterns.AbstractFactory", "Patterns.AbstractFactory\Patterns.AbstractFactory.csproj", "{F335C3D7-7BB8-428F-AC40-1EA60ACE8642}"
EndProject
Project("{9A19103F-16F7-4668-BE54-9A1E7A4F7556}") = "Patterns.Stratergy", "Patterns.Stratergy\Patterns.Stratergy.csproj", "{8F4DED80-3228-4213-BB5C-796EA9DFC82E}"
EndProject
Project("{FAE04EC0-301F-11D3-BF4B-00C04F79EFBC}") = "Patterns.Prototype", "Patterns.Prototype\Patterns.Prototype.csproj", "{08CC8C6A-CBCC-4578-9576-CB443E70BE73}"
EndProject
Project("{FAE04EC0-301F-11D3-BF4B-00C04F79EFBC}") = "Patterns.Builder", "Patterns.Builder\Patterns.Builder.csproj", "{2282921F-AD17-423B-AC65-6D0A4E292C61}"
EndProject
Global
	GlobalSection(SolutionConfigurationPlatforms) = preSolution
		Debug|Any CPU = Debug|Any CPU
		Release|Any CPU = Release|Any CPU
	EndGlobalSection
	GlobalSection(ProjectConfigurationPlatforms) = postSolution
		{80DA5AB4-1769-41E8-AD86-D003073D2251}.Debug|Any CPU.ActiveCfg = Debug|Any CPU
		{80DA5AB4-1769-41E8-AD86-D003073D2251}.Debug|Any CPU.Build.0 = Debug|Any CPU
		{80DA5AB4-1769-41E8-AD86-D003073D2251}.Release|Any CPU.ActiveCfg = Release|Any CPU
		{80DA5AB4-1769-41E8-AD86-D003073D2251}.Release|Any CPU.Build.0 = Release|Any CPU
		{021B3408-F133-4D61-86BE-BE07C28D7322}.Debug|Any CPU.ActiveCfg = Debug|Any CPU
		{021B3408-F133-4D61-86BE-BE07C28D7322}.Debug|Any CPU.Build.0 = Debug|Any CPU
		{021B3408-F133-4D61-86BE-BE07C28D7322}.Release|Any CPU.ActiveCfg = Release|Any CPU
		{021B3408-F133-4D61-86BE-BE07C28D7322}.Release|Any CPU.Build.0 = Release|Any CPU
		{A7E0CD18-0B38-4699-9D80-F0667B6EB8A2}.Debug|Any CPU.ActiveCfg = Debug|Any CPU
		{A7E0CD18-0B38-4699-9D80-F0667B6EB8A2}.Debug|Any CPU.Build.0 = Debug|Any CPU
		{A7E0CD18-0B38-4699-9D80-F0667B6EB8A2}.Release|Any CPU.ActiveCfg = Release|Any CPU
		{A7E0CD18-0B38-4699-9D80-F0667B6EB8A2}.Release|Any CPU.Build.0 = Release|Any CPU
		{0C7160AE-B24F-4AB9-841A-E8EF4CB43A8F}.Debug|Any CPU.ActiveCfg = Debug|Any CPU
		{0C7160AE-B24F-4AB9-841A-E8EF4CB43A8F}.Debug|Any CPU.Build.0 = Debug|Any CPU
		{0C7160AE-B24F-4AB9-841A-E8EF4CB43A8F}.Release|Any CPU.ActiveCfg = Release|Any CPU
		{0C7160AE-B24F-4AB9-841A-E8EF4CB43A8F}.Release|Any CPU.Build.0 = Release|Any CPU
		{3123B294-BF38-4FE5-A98D-094102096D95}.Debug|Any CPU.ActiveCfg = Debug|Any CPU
		{3123B294-BF38-4FE5-A98D-094102096D95}.Debug|Any CPU.Build.0 = Debug|Any CPU
		{3123B294-BF38-4FE5-A98D-094102096D95}.Release|Any CPU.ActiveCfg = Release|Any CPU
		{3123B294-BF38-4FE5-A98D-094102096D95}.Release|Any CPU.Build.0 = Release|Any CPU
		{7DB56659-BBBF-4DBA-B2C5-F817F9A29522}.Debug|Any CPU.ActiveCfg = Debug|Any CPU
		{7DB56659-BBBF-4DBA-B2C5-F817F9A29522}.Debug|Any CPU.Build.0 = Debug|Any CPU
		{7DB56659-BBBF-4DBA-B2C5-F817F9A29522}.Release|Any CPU.ActiveCfg = Release|Any CPU
		{7DB56659-BBBF-4DBA-B2C5-F817F9A29522}.Release|Any CPU.Build.0 = Release|Any CPU
		{C3C9AB18-3EC4-438A-818B-5C8555AB97D8}.Debug|Any CPU.ActiveCfg = Debug|Any CPU
		{C3C9AB18-3EC4-438A-818B-5C8555AB97D8}.Debug|Any CPU.Build.0 = Debug|Any CPU
		{C3C9AB18-3EC4-438A-818B-5C8555AB97D8}.Release|Any CPU.ActiveCfg = Release|Any CPU
		{C3C9AB18-3EC4-438A-818B-5C8555AB97D8}.Release|Any CPU.Build.0 = Release|Any CPU
		{735F3A7B-CE97-4926-8262-C115F05B9CC0}.Debug|Any CPU.ActiveCfg = Debug|Any CPU
		{735F3A7B-CE97-4926-8262-C115F05B9CC0}.Debug|Any CPU.Build.0 = Debug|Any CPU
		{735F3A7B-CE97-4926-8262-C115F05B9CC0}.Release|Any CPU.ActiveCfg = Release|Any CPU
		{735F3A7B-CE97-4926-8262-C115F05B9CC0}.Release|Any CPU.Build.0 = Release|Any CPU
		{8642888E-0B0A-473E-BFF3-8C35C3C407E4}.Debug|Any CPU.ActiveCfg = Debug|Any CPU
		{8642888E-0B0A-473E-BFF3-8C35C3C407E4}.Debug|Any CPU.Build.0 = Debug|Any CPU
		{8642888E-0B0A-473E-BFF3-8C35C3C407E4}.Release|Any CPU.ActiveCfg = Release|Any CPU
		{8642888E-0B0A-473E-BFF3-8C35C3C407E4}.Release|Any CPU.Build.0 = Release|Any CPU
		{F335C3D7-7BB8-428F-AC40-1EA60ACE8642}.Debug|Any CPU.ActiveCfg = Debug|Any CPU
		{F335C3D7-7BB8-428F-AC40-1EA60ACE8642}.Debug|Any CPU.Build.0 = Debug|Any CPU
		{F335C3D7-7BB8-428F-AC40-1EA60ACE8642}.Release|Any CPU.ActiveCfg = Release|Any CPU
		{F335C3D7-7BB8-428F-AC40-1EA60ACE8642}.Release|Any CPU.Build.0 = Release|Any CPU
		{8F4DED80-3228-4213-BB5C-796EA9DFC82E}.Debug|Any CPU.ActiveCfg = Debug|Any CPU
		{8F4DED80-3228-4213-BB5C-796EA9DFC82E}.Debug|Any CPU.Build.0 = Debug|Any CPU
		{8F4DED80-3228-4213-BB5C-796EA9DFC82E}.Release|Any CPU.ActiveCfg = Release|Any CPU
		{8F4DED80-3228-4213-BB5C-796EA9DFC82E}.Release|Any CPU.Build.0 = Release|Any CPU
		{08CC8C6A-CBCC-4578-9576-CB443E70BE73}.Debug|Any CPU.ActiveCfg = Debug|Any CPU
		{08CC8C6A-CBCC-4578-9576-CB443E70BE73}.Debug|Any CPU.Build.0 = Debug|Any CPU
		{08CC8C6A-CBCC-4578-9576-CB443E70BE73}.Release|Any CPU.ActiveCfg = Release|Any CPU
		{08CC8C6A-CBCC-4578-9576-CB443E70BE73}.Release|Any CPU.Build.0 = Release|Any CPU
		{2282921F-AD17-423B-AC65-6D0A4E292C61}.Debug|Any CPU.ActiveCfg = Debug|Any CPU
		{2282921F-AD17-423B-AC65-6D0A4E292C61}.Debug|Any CPU.Build.0 = Debug|Any CPU
		{2282921F-AD17-423B-AC65-6D0A4E292C61}.Release|Any CPU.ActiveCfg = Release|Any CPU
		{2282921F-AD17-423B-AC65-6D0A4E292C61}.Release|Any CPU.Build.0 = Release|Any CPU
	EndGlobalSection
	GlobalSection(SolutionProperties) = preSolution
		HideSolutionNode = FALSE
	EndGlobalSection
EndGlobal
